// !$*UTF8*$!
{
	archiveVersion = 1;
	classes = {
	};
	objectVersion = 56;
	objects = {

/* Begin PBXBuildFile section */
		A183E69DA846EE228745587D /* Pods_SnapKit_Practice.framework in Frameworks */ = {isa = PBXBuildFile; fileRef = 768AE34AA0F1E2909676471F /* Pods_SnapKit_Practice.framework */; };
		EA838F2A2A14A59D00B0D8FD /* AppDelegate.swift in Sources */ = {isa = PBXBuildFile; fileRef = EA838F292A14A59D00B0D8FD /* AppDelegate.swift */; };
		EA838F2C2A14A59D00B0D8FD /* SceneDelegate.swift in Sources */ = {isa = PBXBuildFile; fileRef = EA838F2B2A14A59D00B0D8FD /* SceneDelegate.swift */; };
		EA838F2E2A14A59D00B0D8FD /* ViewController.swift in Sources */ = {isa = PBXBuildFile; fileRef = EA838F2D2A14A59D00B0D8FD /* ViewController.swift */; };
		EA838F312A14A59D00B0D8FD /* Main.storyboard in Resources */ = {isa = PBXBuildFile; fileRef = EA838F2F2A14A59D00B0D8FD /* Main.storyboard */; };
		EA838F332A14A59E00B0D8FD /* Assets.xcassets in Resources */ = {isa = PBXBuildFile; fileRef = EA838F322A14A59E00B0D8FD /* Assets.xcassets */; };
		EA838F362A14A59E00B0D8FD /* LaunchScreen.storyboard in Resources */ = {isa = PBXBuildFile; fileRef = EA838F342A14A59E00B0D8FD /* LaunchScreen.storyboard */; };
/* End PBXBuildFile section */

/* Begin PBXFileReference section */
		768AE34AA0F1E2909676471F /* Pods_SnapKit_Practice.framework */ = {isa = PBXFileReference; explicitFileType = wrapper.framework; includeInIndex = 0; path = Pods_SnapKit_Practice.framework; sourceTree = BUILT_PRODUCTS_DIR; };
		B970D04FF7BA8445F188FC34 /* Pods-SnapKit_Practice.release.xcconfig */ = {isa = PBXFileReference; includeInIndex = 1; lastKnownFileType = text.xcconfig; name = "Pods-SnapKit_Practice.release.xcconfig"; path = "Target Support Files/Pods-SnapKit_Practice/Pods-SnapKit_Practice.release.xcconfig"; sourceTree = "<group>"; };
		DDE670F09F95D4CB34704BE1 /* Pods-SnapKit_Practice.debug.xcconfig */ = {isa = PBXFileReference; includeInIndex = 1; lastKnownFileType = text.xcconfig; name = "Pods-SnapKit_Practice.debug.xcconfig"; path = "Target Support Files/Pods-SnapKit_Practice/Pods-SnapKit_Practice.debug.xcconfig"; sourceTree = "<group>"; };
		EA838F262A14A59D00B0D8FD /* SnapKit_Practice.app */ = {isa = PBXFileReference; explicitFileType = wrapper.application; includeInIndex = 0; path = SnapKit_Practice.app; sourceTree = BUILT_PRODUCTS_DIR; };
		EA838F292A14A59D00B0D8FD /* AppDelegate.swift */ = {isa = PBXFileReference; lastKnownFileType = sourcecode.swift; path = AppDelegate.swift; sourceTree = "<group>"; };
		EA838F2B2A14A59D00B0D8FD /* SceneDelegate.swift */ = {isa = PBXFileReference; lastKnownFileType = sourcecode.swift; path = SceneDelegate.swift; sourceTree = "<group>"; };
		EA838F2D2A14A59D00B0D8FD /* ViewController.swift */ = {isa = PBXFileReference; lastKnownFileType = sourcecode.swift; path = ViewController.swift; sourceTree = "<group>"; };
		EA838F302A14A59D00B0D8FD /* Base */ = {isa = PBXFileReference; lastKnownFileType = file.storyboard; name = Base; path = Base.lproj/Main.storyboard; sourceTree = "<group>"; };
		EA838F322A14A59E00B0D8FD /* Assets.xcassets */ = {isa = PBXFileReference; lastKnownFileType = folder.assetcatalog; path = Assets.xcassets; sourceTree = "<group>"; };
		EA838F352A14A59E00B0D8FD /* Base */ = {isa = PBXFileReference; lastKnownFileType = file.storyboard; name = Base; path = Base.lproj/LaunchScreen.storyboard; sourceTree = "<group>"; };
		EA838F372A14A59E00B0D8FD /* Info.plist */ = {isa = PBXFileReference; lastKnownFileType = text.plist.xml; path = Info.plist; sourceTree = "<group>"; };
/* End PBXFileReference section */

/* Begin PBXFrameworksBuildPhase section */
		EA838F232A14A59D00B0D8FD /* Frameworks */ = {
			isa = PBXFrameworksBuildPhase;
			buildActionMask = 2147483647;
			files = (
				A183E69DA846EE228745587D /* Pods_SnapKit_Practice.framework in Frameworks */,
			);
			runOnlyForDeploymentPostprocessing = 0;
		};
/* End PBXFrameworksBuildPhase section */

/* Begin PBXGroup section */
		9F60C6E42EBC8A7BF5FD0C36 /* Frameworks */ = {
			isa = PBXGroup;
			children = (
				768AE34AA0F1E2909676471F /* Pods_SnapKit_Practice.framework */,
			);
			name = Frameworks;
			sourceTree = "<group>";
		};
		AC04B6A0E3DEFBE86B6DCD11 /* Pods */ = {
			isa = PBXGroup;
			children = (
				DDE670F09F95D4CB34704BE1 /* Pods-SnapKit_Practice.debug.xcconfig */,
				B970D04FF7BA8445F188FC34 /* Pods-SnapKit_Practice.release.xcconfig */,
			);
			name = Pods;
			path = Pods;
			sourceTree = "<group>";
		};
		EA838F1D2A14A59D00B0D8FD = {
			isa = PBXGroup;
			children = (
				EA838F282A14A59D00B0D8FD /* SnapKit_Practice */,
				EA838F272A14A59D00B0D8FD /* Products */,
				AC04B6A0E3DEFBE86B6DCD11 /* Pods */,
				9F60C6E42EBC8A7BF5FD0C36 /* Frameworks */,
			);
			sourceTree = "<group>";
		};
		EA838F272A14A59D00B0D8FD /* Products */ = {
			isa = PBXGroup;
			children = (
				EA838F262A14A59D00B0D8FD /* SnapKit_Practice.app */,
			);
			name = Products;
			sourceTree = "<group>";
		};
		EA838F282A14A59D00B0D8FD /* SnapKit_Practice */ = {
			isa = PBXGroup;
			children = (
				EA838F292A14A59D00B0D8FD /* AppDelegate.swift */,
				EA838F2B2A14A59D00B0D8FD /* SceneDelegate.swift */,
				EA838F2D2A14A59D00B0D8FD /* ViewController.swift */,
				EA838F2F2A14A59D00B0D8FD /* Main.storyboard */,
				EA838F322A14A59E00B0D8FD /* Assets.xcassets */,
				EA838F342A14A59E00B0D8FD /* LaunchScreen.storyboard */,
				EA838F372A14A59E00B0D8FD /* Info.plist */,
			);
			path = SnapKit_Practice;
			sourceTree = "<group>";
		};
/* End PBXGroup section */

/* Begin PBXNativeTarget section */
		EA838F252A14A59D00B0D8FD /* SnapKit_Practice */ = {
			isa = PBXNativeTarget;
			buildConfigurationList = EA838F3A2A14A59E00B0D8FD /* Build configuration list for PBXNativeTarget "SnapKit_Practice" */;
			buildPhases = (
				3A39E31CE2913E30C0840825 /* [CP] Check Pods Manifest.lock */,
				EA838F222A14A59D00B0D8FD /* Sources */,
				EA838F232A14A59D00B0D8FD /* Frameworks */,
				EA838F242A14A59D00B0D8FD /* Resources */,
				AF1EED844E5F505D5447147A /* [CP] Embed Pods Frameworks */,
			);
			buildRules = (
			);
			dependencies = (
			);
			name = SnapKit_Practice;
			productName = SnapKit_Practice;
			productReference = EA838F262A14A59D00B0D8FD /* SnapKit_Practice.app */;
			productType = "com.apple.product-type.application";
		};
/* End PBXNativeTarget section */

/* Begin PBXProject section */
		EA838F1E2A14A59D00B0D8FD /* Project object */ = {
			isa = PBXProject;
			attributes = {
				BuildIndependentTargetsInParallel = 1;
				LastSwiftUpdateCheck = 1430;
				LastUpgradeCheck = 1430;
				TargetAttributes = {
					EA838F252A14A59D00B0D8FD = {
						CreatedOnToolsVersion = 14.3;
					};
				};
			};
			buildConfigurationList = EA838F212A14A59D00B0D8FD /* Build configuration list for PBXProject "SnapKit_Practice" */;
			compatibilityVersion = "Xcode 14.0";
			developmentRegion = en;
			hasScannedForEncodings = 0;
			knownRegions = (
				en,
				Base,
			);
			mainGroup = EA838F1D2A14A59D00B0D8FD;
			productRefGroup = EA838F272A14A59D00B0D8FD /* Products */;
			projectDirPath = "";
			projectRoot = "";
			targets = (
				EA838F252A14A59D00B0D8FD /* SnapKit_Practice */,
			);
		};
/* End PBXProject section */

/* Begin PBXResourcesBuildPhase section */
		EA838F242A14A59D00B0D8FD /* Resources */ = {
			isa = PBXResourcesBuildPhase;
			buildActionMask = 2147483647;
			files = (
				EA838F362A14A59E00B0D8FD /* LaunchScreen.storyboard in Resources */,
				EA838F332A14A59E00B0D8FD /* Assets.xcassets in Resources */,
				EA838F312A14A59D00B0D8FD /* Main.storyboard in Resources */,
			);
			runOnlyForDeploymentPostprocessing = 0;
		};
/* End PBXResourcesBuildPhase section */

/* Begin PBXShellScriptBuildPhase section */
		3A39E31CE2913E30C0840825 /* [CP] Check Pods Manifest.lock */ = {
			isa = PBXShellScriptBuildPhase;
			buildActionMask = 2147483647;
			files = (
			);
			inputFileListPaths = (
			);
			inputPaths = (
				"${PODS_PODFILE_DIR_PATH}/Podfile.lock",
				"${PODS_ROOT}/Manifest.lock",
			);
			name = "[CP] Check Pods Manifest.lock";
			outputFileListPaths = (
			);
			outputPaths = (
				"$(DERIVED_FILE_DIR)/Pods-SnapKit_Practice-checkManifestLockResult.txt",
			);
			runOnlyForDeploymentPostprocessing = 0;
			shellPath = /bin/sh;
			shellScript = "diff \"${PODS_PODFILE_DIR_PATH}/Podfile.lock\" \"${PODS_ROOT}/Manifest.lock\" > /dev/null\nif [ $? != 0 ] ; then\n    # print error to STDERR\n    echo \"error: The sandbox is not in sync with the Podfile.lock. Run 'pod install' or update your CocoaPods installation.\" >&2\n    exit 1\nfi\n# This output is used by Xcode 'outputs' to avoid re-running this script phase.\necho \"SUCCESS\" > \"${SCRIPT_OUTPUT_FILE_0}\"\n";
			showEnvVarsInLog = 0;
		};
		AF1EED844E5F505D5447147A /* [CP] Embed Pods Frameworks */ = {
			isa = PBXShellScriptBuildPhase;
			buildActionMask = 2147483647;
			files = (
			);
			inputFileListPaths = (
				"${PODS_ROOT}/Target Support Files/Pods-SnapKit_Practice/Pods-SnapKit_Practice-frameworks-${CONFIGURATION}-input-files.xcfilelist",
			);
			name = "[CP] Embed Pods Frameworks";
			outputFileListPaths = (
				"${PODS_ROOT}/Target Support Files/Pods-SnapKit_Practice/Pods-SnapKit_Practice-frameworks-${CONFIGURATION}-output-files.xcfilelist",
			);
			runOnlyForDeploymentPostprocessing = 0;
			shellPath = /bin/sh;
			shellScript = "\"${PODS_ROOT}/Target Support Files/Pods-SnapKit_Practice/Pods-SnapKit_Practice-frameworks.sh\"\n";
			showEnvVarsInLog = 0;
		};
/* End PBXShellScriptBuildPhase section */

/* Begin PBXSourcesBuildPhase section */
		EA838F222A14A59D00B0D8FD /* Sources */ = {
			isa = PBXSourcesBuildPhase;
			buildActionMask = 2147483647;
			files = (
				EA838F2E2A14A59D00B0D8FD /* ViewController.swift in Sources */,
				EA838F2A2A14A59D00B0D8FD /* AppDelegate.swift in Sources */,
				EA838F2C2A14A59D00B0D8FD /* SceneDelegate.swift in Sources */,
			);
			runOnlyForDeploymentPostprocessing = 0;
		};
/* End PBXSourcesBuildPhase section */

/* Begin PBXVariantGroup section */
		EA838F2F2A14A59D00B0D8FD /* Main.storyboard */ = {
			isa = PBXVariantGroup;
			children = (
				EA838F302A14A59D00B0D8FD /* Base */,
			);
			name = Main.storyboard;
			sourceTree = "<group>";
		};
		EA838F342A14A59E00B0D8FD /* LaunchScreen.storyboard */ = {
			isa = PBXVariantGroup;
			children = (
				EA838F352A14A59E00B0D8FD /* Base */,
			);
			name = LaunchScreen.storyboard;
			sourceTree = "<group>";
		};
/* End PBXVariantGroup section */

/* Begin XCBuildConfiguration section */
		EA838F382A14A59E00B0D8FD /* Debug */ = {
			isa = XCBuildConfiguration;
			buildSettings = {
				ALWAYS_SEARCH_USER_PATHS = NO;
				CLANG_ANALYZER_NONNULL = YES;
				CLANG_ANALYZER_NUMBER_OBJECT_CONVERSION = YES_AGGRESSIVE;
				CLANG_CXX_LANGUAGE_STANDARD = "gnu++20";
				CLANG_ENABLE_MODULES = YES;
				CLANG_ENABLE_OBJC_ARC = YES;
				CLANG_ENABLE_OBJC_WEAK = YES;
				CLANG_WARN_BLOCK_CAPTURE_AUTORELEASING = YES;
				CLANG_WARN_BOOL_CONVERSION = YES;
				CLANG_WARN_COMMA = YES;
				CLANG_WARN_CONSTANT_CONVERSION = YES;
				CLANG_WARN_DEPRECATED_OBJC_IMPLEMENTATIONS = YES;
				CLANG_WARN_DIRECT_OBJC_ISA_USAGE = YES_ERROR;
				CLANG_WARN_DOCUMENTATION_COMMENTS = YES;
				CLANG_WARN_EMPTY_BODY = YES;
				CLANG_WARN_ENUM_CONVERSION = YES;
				CLANG_WARN_INFINITE_RECURSION = YES;
				CLANG_WARN_INT_CONVERSION = YES;
				CLANG_WARN_NON_LITERAL_NULL_CONVERSION = YES;
				CLANG_WARN_OBJC_IMPLICIT_RETAIN_SELF = YES;
				CLANG_WARN_OBJC_LITERAL_CONVERSION = YES;
				CLANG_WARN_OBJC_ROOT_CLASS = YES_ERROR;
				CLANG_WARN_QUOTED_INCLUDE_IN_FRAMEWORK_HEADER = YES;
				CLANG_WARN_RANGE_LOOP_ANALYSIS = YES;
				CLANG_WARN_STRICT_PROTOTYPES = YES;
				CLANG_WARN_SUSPICIOUS_MOVE = YES;
				CLANG_WARN_UNGUARDED_AVAILABILITY = YES_AGGRESSIVE;
				CLANG_WARN_UNREACHABLE_CODE = YES;
				CLANG_WARN__DUPLICATE_METHOD_MATCH = YES;
				COPY_PHASE_STRIP = NO;
				DEBUG_INFORMATION_FORMAT = dwarf;
				ENABLE_STRICT_OBJC_MSGSEND = YES;
				ENABLE_TESTABILITY = YES;
				GCC_C_LANGUAGE_STANDARD = gnu11;
				GCC_DYNAMIC_NO_PIC = NO;
				GCC_NO_COMMON_BLOCKS = YES;
				GCC_OPTIMIZATION_LEVEL = 0;
				GCC_PREPROCESSOR_DEFINITIONS = (
					"DEBUG=1",
					"$(inherited)",
				);
				GCC_WARN_64_TO_32_BIT_CONVERSION = YES;
				GCC_WARN_ABOUT_RETURN_TYPE = YES_ERROR;
				GCC_WARN_UNDECLARED_SELECTOR = YES;
				GCC_WARN_UNINITIALIZED_AUTOS = YES_AGGRESSIVE;
				GCC_WARN_UNUSED_FUNCTION = YES;
				GCC_WARN_UNUSED_VARIABLE = YES;
				IPHONEOS_DEPLOYMENT_TARGET = 16.4;
				MTL_ENABLE_DEBUG_INFO = INCLUDE_SOURCE;
				MTL_FAST_MATH = YES;
				ONLY_ACTIVE_ARCH = YES;
				SDKROOT = iphoneos;
				SWIFT_ACTIVE_COMPILATION_CONDITIONS = DEBUG;
				SWIFT_OPTIMIZATION_LEVEL = "-Onone";
			};
			name = Debug;
		};
		EA838F392A14A59E00B0D8FD /* Release */ = {
			isa = XCBuildConfiguration;
			buildSettings = {
				ALWAYS_SEARCH_USER_PATHS = NO;
				CLANG_ANALYZER_NONNULL = YES;
				CLANG_ANALYZER_NUMBER_OBJECT_CONVERSION = YES_AGGRESSIVE;
				CLANG_CXX_LANGUAGE_STANDARD = "gnu++20";
				CLANG_ENABLE_MODULES = YES;
				CLANG_ENABLE_OBJC_ARC = YES;
				CLANG_ENABLE_OBJC_WEAK = YES;
				CLANG_WARN_BLOCK_CAPTURE_AUTORELEASING = YES;
				CLANG_WARN_BOOL_CONVERSION = YES;
				CLANG_WARN_COMMA = YES;
				CLANG_WARN_CONSTANT_CONVERSION = YES;
				CLANG_WARN_DEPRECATED_OBJC_IMPLEMENTATIONS = YES;
				CLANG_WARN_DIRECT_OBJC_ISA_USAGE = YES_ERROR;
				CLANG_WARN_DOCUMENTATION_COMMENTS = YES;
				CLANG_WARN_EMPTY_BODY = YES;
				CLANG_WARN_ENUM_CONVERSION = YES;
				CLANG_WARN_INFINITE_RECURSION = YES;
				CLANG_WARN_INT_CONVERSION = YES;
				CLANG_WARN_NON_LITERAL_NULL_CONVERSION = YES;
				CLANG_WARN_OBJC_IMPLICIT_RETAIN_SELF = YES;
				CLANG_WARN_OBJC_LITERAL_CONVERSION = YES;
				CLANG_WARN_OBJC_ROOT_CLASS = YES_ERROR;
				CLANG_WARN_QUOTED_INCLUDE_IN_FRAMEWORK_HEADER = YES;
				CLANG_WARN_RANGE_LOOP_ANALYSIS = YES;
				CLANG_WARN_STRICT_PROTOTYPES = YES;
				CLANG_WARN_SUSPICIOUS_MOVE = YES;
				CLANG_WARN_UNGUARDED_AVAILABILITY = YES_AGGRESSIVE;
				CLANG_WARN_UNREACHABLE_CODE = YES;
				CLANG_WARN__DUPLICATE_METHOD_MATCH = YES;
				COPY_PHASE_STRIP = NO;
				DEBUG_INFORMATION_FORMAT = "dwarf-with-dsym";
				ENABLE_NS_ASSERTIONS = NO;
				ENABLE_STRICT_OBJC_MSGSEND = YES;
				GCC_C_LANGUAGE_STANDARD = gnu11;
				GCC_NO_COMMON_BLOCKS = YES;
				GCC_WARN_64_TO_32_BIT_CONVERSION = YES;
				GCC_WARN_ABOUT_RETURN_TYPE = YES_ERROR;
				GCC_WARN_UNDECLARED_SELECTOR = YES;
				GCC_WARN_UNINITIALIZED_AUTOS = YES_AGGRESSIVE;
				GCC_WARN_UNUSED_FUNCTION = YES;
				GCC_WARN_UNUSED_VARIABLE = YES;
				IPHONEOS_DEPLOYMENT_TARGET = 16.4;
				MTL_ENABLE_DEBUG_INFO = NO;
				MTL_FAST_MATH = YES;
				SDKROOT = iphoneos;
				SWIFT_COMPILATION_MODE = wholemodule;
				SWIFT_OPTIMIZATION_LEVEL = "-O";
				VALIDATE_PRODUCT = YES;
			};
			name = Release;
		};
		EA838F3B2A14A59E00B0D8FD /* Debug */ = {
			isa = XCBuildConfiguration;
			baseConfigurationReference = DDE670F09F95D4CB34704BE1 /* Pods-SnapKit_Practice.debug.xcconfig */;
			buildSettings = {
				ASSETCATALOG_COMPILER_APPICON_NAME = AppIcon;
				ASSETCATALOG_COMPILER_GLOBAL_ACCENT_COLOR_NAME = AccentColor;
				CODE_SIGN_STYLE = Automatic;
				CURRENT_PROJECT_VERSION = 1;
				DEVELOPMENT_TEAM = T9LJ52AQY5;
				GENERATE_INFOPLIST_FILE = YES;
				INFOPLIST_FILE = SnapKit_Practice/Info.plist;
				INFOPLIST_KEY_UIApplicationSupportsIndirectInputEvents = YES;
				INFOPLIST_KEY_UILaunchStoryboardName = LaunchScreen;
				INFOPLIST_KEY_UIMainStoryboardFile = Main;
				INFOPLIST_KEY_UISupportedInterfaceOrientations_iPad = "UIInterfaceOrientationPortrait UIInterfaceOrientationPortraitUpsideDown UIInterfaceOrientationLandscapeLeft UIInterfaceOrientationLandscapeRight";
				INFOPLIST_KEY_UISupportedInterfaceOrientations_iPhone = "UIInterfaceOrientationPortrait UIInterfaceOrientationLandscapeLeft UIInterfaceOrientationLandscapeRight";
				LD_RUNPATH_SEARCH_PATHS = (
					"$(inherited)",
					"@executable_path/Frameworks",
				);
				MARKETING_VERSION = 1.0;
				PRODUCT_BUNDLE_IDENTIFIER = "com.tistory.frenchmarigold.SnapKit-Practice";
				PRODUCT_NAME = "$(TARGET_NAME)";
				SWIFT_EMIT_LOC_STRINGS = YES;
				SWIFT_VERSION = 5.0;
				TARGETED_DEVICE_FAMILY = "1,2";
			};
			name = Debug;
		};
		EA838F3C2A14A59E00B0D8FD /* Release */ = {
			isa = XCBuildConfiguration;
			baseConfigurationReference = B970D04FF7BA8445F188FC34 /* Pods-SnapKit_Practice.release.xcconfig */;
			buildSettings = {
				ASSETCATALOG_COMPILER_APPICON_NAME = AppIcon;
				ASSETCATALOG_COMPILER_GLOBAL_ACCENT_COLOR_NAME = AccentColor;
				CODE_SIGN_STYLE = Automatic;
				CURRENT_PROJECT_VERSION = 1;
				DEVELOPMENT_TEAM = T9LJ52AQY5;
				GENERATE_INFOPLIST_FILE = YES;
				INFOPLIST_FILE = SnapKit_Practice/Info.plist;
				INFOPLIST_KEY_UIApplicationSupportsIndirectInputEvents = YES;
				INFOPLIST_KEY_UILaunchStoryboardName = LaunchScreen;
				INFOPLIST_KEY_UIMainStoryboardFile = Main;
				INFOPLIST_KEY_UISupportedInterfaceOrientations_iPad = "UIInterfaceOrientationPortrait UIInterfaceOrientationPortraitUpsideDown UIInterfaceOrientationLandscapeLeft UIInterfaceOrientationLandscapeRight";
				INFOPLIST_KEY_UISupportedInterfaceOrientations_iPhone = "UIInterfaceOrientationPortrait UIInterfaceOrientationLandscapeLeft UIInterfaceOrientationLandscapeRight";
				LD_RUNPATH_SEARCH_PATHS = (
					"$(inherited)",
					"@executable_path/Frameworks",
				);
				MARKETING_VERSION = 1.0;
				PRODUCT_BUNDLE_IDENTIFIER = "com.tistory.frenchmarigold.SnapKit-Practice";
				PRODUCT_NAME = "$(TARGET_NAME)";
				SWIFT_EMIT_LOC_STRINGS = YES;
				SWIFT_VERSION = 5.0;
				TARGETED_DEVICE_FAMILY = "1,2";
			};
			name = Release;
		};
/* End XCBuildConfiguration section */

/* Begin XCConfigurationList section */
		EA838F212A14A59D00B0D8FD /* Build configuration list for PBXProject "SnapKit_Practice" */ = {
			isa = XCConfigurationList;
			buildConfigurations = (
				EA838F382A14A59E00B0D8FD /* Debug */,
				EA838F392A14A59E00B0D8FD /* Release */,
			);
			defaultConfigurationIsVisible = 0;
			defaultConfigurationName = Release;
		};
		EA838F3A2A14A59E00B0D8FD /* Build configuration list for PBXNativeTarget "SnapKit_Practice" */ = {
			isa = XCConfigurationList;
			buildConfigurations = (
				EA838F3B2A14A59E00B0D8FD /* Debug */,
				EA838F3C2A14A59E00B0D8FD /* Release */,
			);
			defaultConfigurationIsVisible = 0;
			defaultConfigurationName = Release;
		};
/* End XCConfigurationList section */
	};
	rootObject = EA838F1E2A14A59D00B0D8FD /* Project object */;
}
